// !$*UTF8*$!
{
	archiveVersion = 1;
	classes = {
	};
	objectVersion = 46;
	objects = {

/* Begin PBXBuildFile section */
		5795C3691B5B8E47001DC673 /* main.m in Sources */ = {isa = PBXBuildFile; fileRef = 5795C3681B5B8E47001DC673 /* main.m */; };
		5795C36C1B5B8E47001DC673 /* AppDelegate.m in Sources */ = {isa = PBXBuildFile; fileRef = 5795C36B1B5B8E47001DC673 /* AppDelegate.m */; };
		5795C3741B5B8E47001DC673 /* Images.xcassets in Resources */ = {isa = PBXBuildFile; fileRef = 5795C3731B5B8E47001DC673 /* Images.xcassets */; };
		5795C3771B5B8E47001DC673 /* LaunchScreen.xib in Resources */ = {isa = PBXBuildFile; fileRef = 5795C3751B5B8E47001DC673 /* LaunchScreen.xib */; };
		5795C3831B5B8E47001DC673 /* SelectCityViewTests.m in Sources */ = {isa = PBXBuildFile; fileRef = 5795C3821B5B8E47001DC673 /* SelectCityViewTests.m */; };
		5795C38E1B5B8F06001DC673 /* SCProvinceViewController.m in Sources */ = {isa = PBXBuildFile; fileRef = 5795C38D1B5B8F06001DC673 /* SCProvinceViewController.m */; };
		5795C3901B5B9E72001DC673 /* kProvinceCityData.plist in Resources */ = {isa = PBXBuildFile; fileRef = 5795C38F1B5B9E72001DC673 /* kProvinceCityData.plist */; };
		5795C3931B5BBA39001DC673 /* SCSelectCityView.m in Sources */ = {isa = PBXBuildFile; fileRef = 5795C3921B5BBA39001DC673 /* SCSelectCityView.m */; };
/* End PBXBuildFile section */

/* Begin PBXContainerItemProxy section */
		5795C37D1B5B8E47001DC673 /* PBXContainerItemProxy */ = {
			isa = PBXContainerItemProxy;
			containerPortal = 5795C35B1B5B8E47001DC673 /* Project object */;
			proxyType = 1;
			remoteGlobalIDString = 5795C3621B5B8E47001DC673;
			remoteInfo = SelectCityView;
		};
/* End PBXContainerItemProxy section */

/* Begin PBXFileReference section */
		5795C3631B5B8E47001DC673 /* SelectCityView.app */ = {isa = PBXFileReference; explicitFileType = wrapper.application; includeInIndex = 0; path = SelectCityView.app; sourceTree = BUILT_PRODUCTS_DIR; };
		5795C3671B5B8E47001DC673 /* Info.plist */ = {isa = PBXFileReference; lastKnownFileType = text.plist.xml; path = Info.plist; sourceTree = "<group>"; };
		5795C3681B5B8E47001DC673 /* main.m */ = {isa = PBXFileReference; lastKnownFileType = sourcecode.c.objc; path = main.m; sourceTree = "<group>"; };
		5795C36A1B5B8E47001DC673 /* AppDelegate.h */ = {isa = PBXFileReference; lastKnownFileType = sourcecode.c.h; path = AppDelegate.h; sourceTree = "<group>"; };
		5795C36B1B5B8E47001DC673 /* AppDelegate.m */ = {isa = PBXFileReference; lastKnownFileType = sourcecode.c.objc; path = AppDelegate.m; sourceTree = "<group>"; };
		5795C3731B5B8E47001DC673 /* Images.xcassets */ = {isa = PBXFileReference; lastKnownFileType = folder.assetcatalog; path = Images.xcassets; sourceTree = "<group>"; };
		5795C3761B5B8E47001DC673 /* Base */ = {isa = PBXFileReference; lastKnownFileType = file.xib; name = Base; path = Base.lproj/LaunchScreen.xib; sourceTree = "<group>"; };
		5795C37C1B5B8E47001DC673 /* SelectCityViewTests.xctest */ = {isa = PBXFileReference; explicitFileType = wrapper.cfbundle; includeInIndex = 0; path = SelectCityViewTests.xctest; sourceTree = BUILT_PRODUCTS_DIR; };
		5795C3811B5B8E47001DC673 /* Info.plist */ = {isa = PBXFileReference; lastKnownFileType = text.plist.xml; path = Info.plist; sourceTree = "<group>"; };
		5795C3821B5B8E47001DC673 /* SelectCityViewTests.m */ = {isa = PBXFileReference; lastKnownFileType = sourcecode.c.objc; path = SelectCityViewTests.m; sourceTree = "<group>"; };
		5795C38C1B5B8F06001DC673 /* SCProvinceViewController.h */ = {isa = PBXFileReference; fileEncoding = 4; lastKnownFileType = sourcecode.c.h; path = SCProvinceViewController.h; sourceTree = "<group>"; };
		5795C38D1B5B8F06001DC673 /* SCProvinceViewController.m */ = {isa = PBXFileReference; fileEncoding = 4; lastKnownFileType = sourcecode.c.objc; path = SCProvinceViewController.m; sourceTree = "<group>"; };
		5795C38F1B5B9E72001DC673 /* kProvinceCityData.plist */ = {isa = PBXFileReference; fileEncoding = 4; lastKnownFileType = text.plist.xml; path = kProvinceCityData.plist; sourceTree = "<group>"; };
		5795C3911B5BBA39001DC673 /* SCSelectCityView.h */ = {isa = PBXFileReference; fileEncoding = 4; lastKnownFileType = sourcecode.c.h; path = SCSelectCityView.h; sourceTree = "<group>"; };
		5795C3921B5BBA39001DC673 /* SCSelectCityView.m */ = {isa = PBXFileReference; fileEncoding = 4; lastKnownFileType = sourcecode.c.objc; path = SCSelectCityView.m; sourceTree = "<group>"; };
/* End PBXFileReference section */

/* Begin PBXFrameworksBuildPhase section */
		5795C3601B5B8E47001DC673 /* Frameworks */ = {
			isa = PBXFrameworksBuildPhase;
			buildActionMask = 2147483647;
			files = (
			);
			runOnlyForDeploymentPostprocessing = 0;
		};
		5795C3791B5B8E47001DC673 /* Frameworks */ = {
			isa = PBXFrameworksBuildPhase;
			buildActionMask = 2147483647;
			files = (
			);
			runOnlyForDeploymentPostprocessing = 0;
		};
/* End PBXFrameworksBuildPhase section */

/* Begin PBXGroup section */
		5795C35A1B5B8E47001DC673 = {
			isa = PBXGroup;
			children = (
				5795C3651B5B8E47001DC673 /* SelectCityView */,
				5795C37F1B5B8E47001DC673 /* SelectCityViewTests */,
				5795C3641B5B8E47001DC673 /* Products */,
			);
			sourceTree = "<group>";
		};
		5795C3641B5B8E47001DC673 /* Products */ = {
			isa = PBXGroup;
			children = (
				5795C3631B5B8E47001DC673 /* SelectCityView.app */,
				5795C37C1B5B8E47001DC673 /* SelectCityViewTests.xctest */,
			);
			name = Products;
			sourceTree = "<group>";
		};
		5795C3651B5B8E47001DC673 /* SelectCityView */ = {
			isa = PBXGroup;
			children = (
				5795C36A1B5B8E47001DC673 /* AppDelegate.h */,
				5795C36B1B5B8E47001DC673 /* AppDelegate.m */,
				5795C3731B5B8E47001DC673 /* Images.xcassets */,
				5795C3751B5B8E47001DC673 /* LaunchScreen.xib */,
				5795C3661B5B8E47001DC673 /* Supporting Files */,
				5795C38C1B5B8F06001DC673 /* SCProvinceViewController.h */,
				5795C38D1B5B8F06001DC673 /* SCProvinceViewController.m */,
				5795C3911B5BBA39001DC673 /* SCSelectCityView.h */,
				5795C3921B5BBA39001DC673 /* SCSelectCityView.m */,
			);
			path = SelectCityView;
			sourceTree = "<group>";
		};
		5795C3661B5B8E47001DC673 /* Supporting Files */ = {
			isa = PBXGroup;
			children = (
				5795C38F1B5B9E72001DC673 /* kProvinceCityData.plist */,
				5795C3671B5B8E47001DC673 /* Info.plist */,
				5795C3681B5B8E47001DC673 /* main.m */,
			);
			name = "Supporting Files";
			sourceTree = "<group>";
		};
		5795C37F1B5B8E47001DC673 /* SelectCityViewTests */ = {
			isa = PBXGroup;
			children = (
				5795C3821B5B8E47001DC673 /* SelectCityViewTests.m */,
				5795C3801B5B8E47001DC673 /* Supporting Files */,
			);
			path = SelectCityViewTests;
			sourceTree = "<group>";
		};
		5795C3801B5B8E47001DC673 /* Supporting Files */ = {
			isa = PBXGroup;
			children = (
				5795C3811B5B8E47001DC673 /* Info.plist */,
			);
			name = "Supporting Files";
			sourceTree = "<group>";
		};
/* End PBXGroup section */

/* Begin PBXNativeTarget section */
		5795C3621B5B8E47001DC673 /* SelectCityView */ = {
			isa = PBXNativeTarget;
			buildConfigurationList = 5795C3861B5B8E47001DC673 /* Build configuration list for PBXNativeTarget "SelectCityView" */;
			buildPhases = (
				5795C35F1B5B8E47001DC673 /* Sources */,
				5795C3601B5B8E47001DC673 /* Frameworks */,
				5795C3611B5B8E47001DC673 /* Resources */,
			);
			buildRules = (
			);
			dependencies = (
			);
			name = SelectCityView;
			productName = SelectCityView;
			productReference = 5795C3631B5B8E47001DC673 /* SelectCityView.app */;
			productType = "com.apple.product-type.application";
		};
		5795C37B1B5B8E47001DC673 /* SelectCityViewTests */ = {
			isa = PBXNativeTarget;
			buildConfigurationList = 5795C3891B5B8E47001DC673 /* Build configuration list for PBXNativeTarget "SelectCityViewTests" */;
			buildPhases = (
				5795C3781B5B8E47001DC673 /* Sources */,
				5795C3791B5B8E47001DC673 /* Frameworks */,
				5795C37A1B5B8E47001DC673 /* Resources */,
			);
			buildRules = (
			);
			dependencies = (
				5795C37E1B5B8E47001DC673 /* PBXTargetDependency */,
			);
			name = SelectCityViewTests;
			productName = SelectCityViewTests;
			productReference = 5795C37C1B5B8E47001DC673 /* SelectCityViewTests.xctest */;
			productType = "com.apple.product-type.bundle.unit-test";
		};
/* End PBXNativeTarget section */

/* Begin PBXProject section */
		5795C35B1B5B8E47001DC673 /* Project object */ = {
			isa = PBXProject;
			attributes = {
				LastUpgradeCheck = 0630;
				ORGANIZATIONNAME = river;
				TargetAttributes = {
					5795C3621B5B8E47001DC673 = {
						CreatedOnToolsVersion = 6.3.1;
					};
					5795C37B1B5B8E47001DC673 = {
						CreatedOnToolsVersion = 6.3.1;
						TestTargetID = 5795C3621B5B8E47001DC673;
					};
				};
			};
			buildConfigurationList = 5795C35E1B5B8E47001DC673 /* Build configuration list for PBXProject "SelectCityView" */;
			compatibilityVersion = "Xcode 3.2";
			developmentRegion = English;
			hasScannedForEncodings = 0;
			knownRegions = (
				en,
				Base,
			);
			mainGroup = 5795C35A1B5B8E47001DC673;
			productRefGroup = 5795C3641B5B8E47001DC673 /* Products */;
			projectDirPath = "";
			projectRoot = "";
			targets = (
				5795C3621B5B8E47001DC673 /* SelectCityView */,
				5795C37B1B5B8E47001DC673 /* SelectCityViewTests */,
			);
		};
/* End PBXProject section */

/* Begin PBXResourcesBuildPhase section */
		5795C3611B5B8E47001DC673 /* Resources */ = {
			isa = PBXResourcesBuildPhase;
			buildActionMask = 2147483647;
			files = (
				5795C3901B5B9E72001DC673 /* kProvinceCityData.plist in Resources */,
				5795C3771B5B8E47001DC673 /* LaunchScreen.xib in Resources */,
				5795C3741B5B8E47001DC673 /* Images.xcassets in Resources */,
			);
			runOnlyForDeploymentPostprocessing = 0;
		};
		5795C37A1B5B8E47001DC673 /* Resources */ = {
			isa = PBXResourcesBuildPhase;
			buildActionMask = 2147483647;
			files = (
			);
			runOnlyForDeploymentPostprocessing = 0;
		};
/* End PBXResourcesBuildPhase section */

/* Begin PBXSourcesBuildPhase section */
		5795C35F1B5B8E47001DC673 /* Sources */ = {
			isa = PBXSourcesBuildPhase;
			buildActionMask = 2147483647;
			files = (
				5795C36C1B5B8E47001DC673 /* AppDelegate.m in Sources */,
				5795C38E1B5B8F06001DC673 /* SCProvinceViewController.m in Sources */,
				5795C3691B5B8E47001DC673 /* main.m in Sources */,
				5795C3931B5BBA39001DC673 /* SCSelectCityView.m in Sources */,
			);
			runOnlyForDeploymentPostprocessing = 0;
		};
		5795C3781B5B8E47001DC673 /* Sources */ = {
			isa = PBXSourcesBuildPhase;
			buildActionMask = 2147483647;
			files = (
				5795C3831B5B8E47001DC673 /* SelectCityViewTests.m in Sources */,
			);
			runOnlyForDeploymentPostprocessing = 0;
		};
/* End PBXSourcesBuildPhase section */

/* Begin PBXTargetDependency section */
		5795C37E1B5B8E47001DC673 /* PBXTargetDependency */ = {
			isa = PBXTargetDependency;
			target = 5795C3621B5B8E47001DC673 /* SelectCityView */;
			targetProxy = 5795C37D1B5B8E47001DC673 /* PBXContainerItemProxy */;
		};
/* End PBXTargetDependency section */

/* Begin PBXVariantGroup section */
		5795C3751B5B8E47001DC673 /* LaunchScreen.xib */ = {
			isa = PBXVariantGroup;
			children = (
				5795C3761B5B8E47001DC673 /* Base */,
			);
			name = LaunchScreen.xib;
			sourceTree = "<group>";
		};
/* End PBXVariantGroup section */

/* Begin XCBuildConfiguration section */
		5795C3841B5B8E47001DC673 /* Debug */ = {
			isa = XCBuildConfiguration;
			buildSettings = {
				ALWAYS_SEARCH_USER_PATHS = NO;
				CLANG_CXX_LANGUAGE_STANDARD = "gnu++0x";
				CLANG_CXX_LIBRARY = "libc++";
				CLANG_ENABLE_MODULES = YES;
				CLANG_ENABLE_OBJC_ARC = YES;
				CLANG_WARN_BOOL_CONVERSION = YES;
				CLANG_WARN_CONSTANT_CONVERSION = YES;
				CLANG_WARN_DIRECT_OBJC_ISA_USAGE = YES_ERROR;
				CLANG_WARN_EMPTY_BODY = YES;
				CLANG_WARN_ENUM_CONVERSION = YES;
				CLANG_WARN_INT_CONVERSION = YES;
				CLANG_WARN_OBJC_ROOT_CLASS = YES_ERROR;
				CLANG_WARN_UNREACHABLE_CODE = YES;
				CLANG_WARN__DUPLICATE_METHOD_MATCH = YES;
				"CODE_SIGN_IDENTITY[sdk=iphoneos*]" = "iPhone Developer";
				COPY_PHASE_STRIP = NO;
				DEBUG_INFORMATION_FORMAT = "dwarf-with-dsym";
				ENABLE_STRICT_OBJC_MSGSEND = YES;
				GCC_C_LANGUAGE_STANDARD = gnu99;
				GCC_DYNAMIC_NO_PIC = NO;
				GCC_NO_COMMON_BLOCKS = YES;
				GCC_OPTIMIZATION_LEVEL = 0;
				GCC_PREPROCESSOR_DEFINITIONS = (
					"DEBUG=1",
					"$(inherited)",
				);
				GCC_SYMBOLS_PRIVATE_EXTERN = NO;
				GCC_WARN_64_TO_32_BIT_CONVERSION = YES;
				GCC_WARN_ABOUT_RETURN_TYPE = YES_ERROR;
				GCC_WARN_UNDECLARED_SELECTOR = YES;
				GCC_WARN_UNINITIALIZED_AUTOS = YES_AGGRESSIVE;
				GCC_WARN_UNUSED_FUNCTION = YES;
				GCC_WARN_UNUSED_VARIABLE = YES;
				IPHONEOS_DEPLOYMENT_TARGET = 8.3;
				MTL_ENABLE_DEBUG_INFO = YES;
				ONLY_ACTIVE_ARCH = YES;
				SDKROOT = iphoneos;
			};
			name = Debug;
		};
		5795C3851B5B8E47001DC673 /* Release */ = {
			isa = XCBuildConfiguration;
			buildSettings = {
				ALWAYS_SEARCH_USER_PATHS = NO;
				CLANG_CXX_LANGUAGE_STANDARD = "gnu++0x";
				CLANG_CXX_LIBRARY = "libc++";
				CLANG_ENABLE_MODULES = YES;
				CLANG_ENABLE_OBJC_ARC = YES;
				CLANG_WARN_BOOL_CONVERSION = YES;
				CLANG_WARN_CONSTANT_CONVERSION = YES;
				CLANG_WARN_DIRECT_OBJC_ISA_USAGE = YES_ERROR;
				CLANG_WARN_EMPTY_BODY = YES;
				CLANG_WARN_ENUM_CONVERSION = YES;
				CLANG_WARN_INT_CONVERSION = YES;
				CLANG_WARN_OBJC_ROOT_CLASS = YES_ERROR;
				CLANG_WARN_UNREACHABLE_CODE = YES;
				CLANG_WARN__DUPLICATE_METHOD_MATCH = YES;
				"CODE_SIGN_IDENTITY[sdk=iphoneos*]" = "iPhone Developer";
				COPY_PHASE_STRIP = NO;
				DEBUG_INFORMATION_FORMAT = "dwarf-with-dsym";
				ENABLE_NS_ASSERTIONS = NO;
				ENABLE_STRICT_OBJC_MSGSEND = YES;
				GCC_C_LANGUAGE_STANDARD = gnu99;
				GCC_NO_COMMON_BLOCKS = YES;
				GCC_WARN_64_TO_32_BIT_CONVERSION = YES;
				GCC_WARN_ABOUT_RETURN_TYPE = YES_ERROR;
				GCC_WARN_UNDECLARED_SELECTOR = YES;
				GCC_WARN_UNINITIALIZED_AUTOS = YES_AGGRESSIVE;
				GCC_WARN_UNUSED_FUNCTION = YES;
				GCC_WARN_UNUSED_VARIABLE = YES;
				IPHONEOS_DEPLOYMENT_TARGET = 8.3;
				MTL_ENABLE_DEBUG_INFO = NO;
				SDKROOT = iphoneos;
				VALIDATE_PRODUCT = YES;
			};
			name = Release;
		};
		5795C3871B5B8E47001DC673 /* Debug */ = {
			isa = XCBuildConfiguration;
			buildSettings = {
				ASSETCATALOG_COMPILER_APPICON_NAME = AppIcon;
				INFOPLIST_FILE = SelectCityView/Info.plist;
				LD_RUNPATH_SEARCH_PATHS = "$(inherited) @executable_path/Frameworks";
				PRODUCT_NAME = "$(TARGET_NAME)";
			};
			name = Debug;
		};
		5795C3881B5B8E47001DC673 /* Release */ = {
			isa = XCBuildConfiguration;
			buildSettings = {
				ASSETCATALOG_COMPILER_APPICON_NAME = AppIcon;
				INFOPLIST_FILE = SelectCityView/Info.plist;
				LD_RUNPATH_SEARCH_PATHS = "$(inherited) @executable_path/Frameworks";
				PRODUCT_NAME = "$(TARGET_NAME)";
			};
			name = Release;
		};
		5795C38A1B5B8E47001DC673 /* Debug */ = {
			isa = XCBuildConfiguration;
			buildSettings = {
				BUNDLE_LOADER = "$(TEST_HOST)";
				FRAMEWORK_SEARCH_PATHS = (
					"$(SDKROOT)/Developer/Library/Frameworks",
					"$(inherited)",
				);
				GCC_PREPROCESSOR_DEFINITIONS = (
					"DEBUG=1",
					"$(inherited)",
				);
				INFOPLIST_FILE = SelectCityViewTests/Info.plist;
				LD_RUNPATH_SEARCH_PATHS = "$(inherited) @executable_path/Frameworks @loader_path/Frameworks";
				PRODUCT_NAME = "$(TARGET_NAME)";
				TEST_HOST = "$(BUILT_PRODUCTS_DIR)/SelectCityView.app/SelectCityView";
			};
			name = Debug;
		};
		5795C38B1B5B8E47001DC673 /* Release */ = {
			isa = XCBuildConfiguration;
			buildSettings = {
				BUNDLE_LOADER = "$(TEST_HOST)";
				FRAMEWORK_SEARCH_PATHS = (
					"$(SDKROOT)/Developer/Library/Frameworks",
					"$(inherited)",
				);
				INFOPLIST_FILE = SelectCityViewTests/Info.plist;
				LD_RUNPATH_SEARCH_PATHS = "$(inherited) @executable_path/Frameworks @loader_path/Frameworks";
				PRODUCT_NAME = "$(TARGET_NAME)";
				TEST_HOST = "$(BUILT_PRODUCTS_DIR)/SelectCityView.app/SelectCityView";
			};
			name = Release;
		};
/* End XCBuildConfiguration section */

/* Begin XCConfigurationList section */
		5795C35E1B5B8E47001DC673 /* Build configuration list for PBXProject "SelectCityView" */ = {
			isa = XCConfigurationList;
			buildConfigurations = (
				5795C3841B5B8E47001DC673 /* Debug */,
				5795C3851B5B8E47001DC673 /* Release */,
			);
			defaultConfigurationIsVisible = 0;
			defaultConfigurationName = Release;
		};
		5795C3861B5B8E47001DC673 /* Build configuration list for PBXNativeTarget "SelectCityView" */ = {
			isa = XCConfigurationList;
			buildConfigurations = (
				5795C3871B5B8E47001DC673 /* Debug */,
				5795C3881B5B8E47001DC673 /* Release */,
			);
			defaultConfigurationIsVisible = 0;
		};
		5795C3891B5B8E47001DC673 /* Build configuration list for PBXNativeTarget "SelectCityViewTests" */ = {
			isa = XCConfigurationList;
			buildConfigurations = (
				5795C38A1B5B8E47001DC673 /* Debug */,
				5795C38B1B5B8E47001DC673 /* Release */,
			);
			defaultConfigurationIsVisible = 0;
		};
/* End XCConfigurationList section */
	};
	rootObject = 5795C35B1B5B8E47001DC673 /* Project object */;
}
